
Microsoft Visual Studio Solution File, Format Version 12.00
# Visual Studio Version 17
VisualStudioVersion = 17.3.32901.215
MinimumVisualStudioVersion = 10.0.40219.1
Project("{FAE04EC0-301F-11D3-BF4B-00C04F79EFBC}") = "KtaneCustomKeysPropeller", "KtaneCustomKeysPropeller.csproj", "{D5B4777E-7F87-4AF0-829A-88AB6F1BD377}"
EndProject
Global
	GlobalSection(SolutionConfigurationPlatforms) = preSolution
		Release|Any CPU = Release|Any CPU
	EndGlobalSection
	GlobalSection(ProjectConfigurationPlatforms) = postSolution
		{D5B4777E-7F87-4AF0-829A-88AB6F1BD377}.Release|Any CPU.ActiveCfg = Release|Any CPU
		{D5B4777E-7F87-4AF0-829A-88AB6F1BD377}.Release|Any CPU.Build.0 = Release|Any CPU
	EndGlobalSection
	GlobalSection(SolutionProperties) = preSolution
		HideSolutionNode = FALSE
	EndGlobalSection
	GlobalSection(ExtensibilityGlobals) = postSolution
		SolutionGuid = {D0637DD5-199F-402A-8F90-99D930154C6D}
	EndGlobalSection
EndGlobal
